version = 1
revision = 3
requires-python = "==3.11.*"

[[package]]
name = "alabaster"
version = "0.7.12"
source = { registry = "https://pypi.org/simple" }
sdist = { url = "https://files.pythonhosted.org/packages/cc/b4/ed8dcb0d67d5cfb7f83c4d5463a7614cb1d078ad7ae890c9143edebbf072/alabaster-0.7.12.tar.gz", hash = "sha256:a661d72d58e6ea8a57f7a86e37d86716863ee5e92788398526d58b26a4e4dc02", size = 11242, upload-time = "2018-10-03T01:39:18.682Z" }
wheels = [
    { url = "https://files.pythonhosted.org/packages/10/ad/00b090d23a222943eb0eda509720a404f531a439e803f6538f35136cae9e/alabaster-0.7.12-py2.py3-none-any.whl", hash = "sha256:446438bdcca0e05bd45ea2de1668c1d9b032e1a9154c2c259092d77031ddd359", size = 14971, upload-time = "2018-10-03T01:39:17.154Z" },
]

[[package]]
name = "babel"
version = "2.9.1"
source = { registry = "https://pypi.org/simple" }
dependencies = [
    { name = "pytz" },
]
sdist = { url = "https://files.pythonhosted.org/packages/17/e6/ec9aa6ac3d00c383a5731cc97ed7c619d3996232c977bb8326bcbb6c687e/Babel-2.9.1.tar.gz", hash = "sha256:bc0c176f9f6a994582230df350aa6e05ba2ebe4b3ac317eab29d9be5d2768da0", size = 8683505, upload-time = "2021-04-28T19:31:41.723Z" }
wheels = [
    { url = "https://files.pythonhosted.org/packages/aa/96/4ba93c5f40459dc850d25f9ba93f869a623e77aaecc7a9344e19c01942cf/Babel-2.9.1-py2.py3-none-any.whl", hash = "sha256:ab49e12b91d937cd11f0b67cb259a57ab4ad2b59ac7a3b41d6c06c0ac5b0def9", size = 8832555, upload-time = "2021-04-28T19:31:38.181Z" },
]

[[package]]
name = "certifi"
version = "2026.7.22"
source = { registry = "https://pypi.org/simple" }
sdist = { url = "https://files.pythonhosted.org/packages/a3/c2/24167ea9858356b47a87a50d39908bfdb72ceeefe0041586e704e5376b3a/certifi-2026.7.22.tar.gz", hash = "sha256:741e2c3b351ddf169a738da9f2c048608ff7f2c5cc02f1ebc6b118bb090d5d55", size = 138112, upload-time = "2026-07-22T03:35:12.644Z" }
wheels = [
    { url = "https://files.pythonhosted.org/packages/0b/a7/71ac2cff56fec219ed242bb11b8efb69fcc4bec75db06fb7bfe35de520e6/certifi-2026.7.22-py3-none-any.whl", hash = "sha256:62f22742b58a1a33014a2b6b706588a8d7e2a88ae7bd1a6ebe8c992928483775", size = 136983, upload-time = "2026-07-22T03:35:11.276Z" },
]

[[package]]
name = "chardet"
version = "3.0.4"
source = { registry = "https://pypi.org/simple" }
sdist = { url = "https://files.pythonhosted.org/packages/fc/bb/a5768c230f9ddb03acc9ef3f0d4a3cf93462473795d18e9535498c8f929d/chardet-3.0.4.tar.gz", hash = "sha256:84ab92ed1c4d4f16916e05906b6b75a6c0fb5db821cc65e70cbd64a3e2a5eaae", size = 1868453, upload-time = "2017-06-08T14:34:35.581Z" }
wheels = [
    { url = "https://files.pythonhosted.org/packages/bc/a9/01ffebfb562e4274b6487b4bb1ddec7ca55ec7510b22e4c51f14098443b8/chardet-3.0.4-py2.py3-none-any.whl", hash = "sha256:fc323ffcaeaed0e0a02bf4d117757b98aed530d9ed4531e3e15460124c106691", size = 133356, upload-time = "2017-06-08T14:34:33.552Z" },
]

[[package]]
name = "charset-normalizer"
version = "3.5.1"
source = { registry = "https://pypi.org/simple" }
sdist = { url = "https://files.pythonhosted.org/packages/e5/3f/143b048436775b0f76ac3eec145c019e8173ccc2885c8f20319b996d5e83/charset_normalizer-3.5.1.tar.gz", hash = "sha256:6117b84ea48435e5356dc737f5121485c30920ba43375fa7b434fd753df0eac3", size = 171764, upload-time = "2026-08-15T08:20:44.807Z" }
wheels = [
    { url = "https://files.pythonhosted.org/packages/6a/b6/034f6802e9c3f6418966cfabb7db8c9252cc2429c5098f41cc43af804149/charset_normalizer-3.5.1-cp311-cp311-macosx_10_9_universal2.whl", hash = "sha256:eda059b6bc8bc0812d626fd91a7ce01bf583df0a61296eff390fd94141a34e30", size = 363585, upload-time = "2026-08-15T08:16:46.646Z" },
    { url = "https://files.pythonhosted.org/packages/d5/fa/6a7e2a7c4b5451912b8c417732df79574354443592a88d616de03da66ae5/charset_normalizer-3.5.1-cp311-cp311-manylinux2014_aarch64.manylinux_2_17_aarch64.manylinux_2_28_aarch64.whl", hash = "sha256:aa2bb0b37202dca27175591f761108b5d34096ade1191ffe4808bdf6b1571488", size = 251189, upload-time = "2026-08-15T08:16:48.287Z" },
    { url = "https://files.pythonhosted.org/packages/a4/c8/ab42b07cfd82e919f427fcfaa7c41abae8242833ad1aad66d42bae40b669/charset_normalizer-3.5.1-cp311-cp311-manylinux2014_armv7l.manylinux_2_17_armv7l.manylinux_2_31_armv7l.whl", hash = "sha256:0b2b1b3fa5670c127b246df1d0c059defd41f689a868a3b9d79df9b1cac42d22", size = 239724, upload-time = "2026-08-15T08:16:49.67Z" },
    { url = "https://files.pythonhosted.org/packages/e7/80/b9348b5d3041209f98b4cdad7655766369233f1d533f4f4f7558e9717bec/charset_normalizer-3.5.1-cp311-cp311-manylinux2014_ppc64le.manylinux_2_17_ppc64le.manylinux_2_28_ppc64le.whl", hash = "sha256:6e5e4d73d588ca5ed09df1b7dcd1b203d1df3c542e3f50d126c947d432b10731", size = 280078, upload-time = "2026-08-15T08:16:51.228Z" },
    { url = "https://files.pythonhosted.org/packages/82/38/083a24028304bc85bb9e376fed801178423dcbb67495f73b6ea0624e1894/charset_normalizer-3.5.1-cp311-cp311-manylinux2014_s390x.manylinux_2_17_s390x.manylinux_2_28_s390x.whl", hash = "sha256:b54e7e13267d49ffbfe68e25b3cbd774dab38fa37238f71265e91b36146eb21c", size = 276650, upload-time = "2026-08-15T08:16:52.625Z" },
    { url = "https://files.pythonhosted.org/packages/0d/35/731ac04aa0a097fc1c97f0994c375bdb230c6c96619db794208fe664e9ce/charset_normalizer-3.5.1-cp311-cp311-manylinux2014_x86_64.manylinux_2_17_x86_64.manylinux_2_28_x86_64.whl", hash = "sha256:c7b742bf31c88566b4bb6335a7f393bb322e580b6bb98df7bd0c25e6e3519ce8", size = 262325, upload-time = "2026-08-15T08:16:54.085Z" },
    { url = "https://files.pythonhosted.org/packages/f5/28/c2028e7021fb89c6e56868ed0e387b8e9aa811abdd2ab3208d6578d2c930/charset_normalizer-3.5.1-cp311-cp311-manylinux_2_31_riscv64.manylinux_2_39_riscv64.whl", hash = "sha256:6ba32c4d2abf1d2fe7cf27d280f4cca5664233b0f885549c7761719eb977f486", size = 261140, upload-time = "2026-08-15T08:16:55.604Z" },
    { url = "https://files.pythonhosted.org/packages/28/f0/0c0ceec6d98b7daa62e361e418135d59685811d79ba11529aad5cdf15e84/charset_normalizer-3.5.1-cp311-cp311-musllinux_1_2_aarch64.whl", hash = "sha256:0722590aabf9dc6a6c0343d523c05458fa2b5047dbe6302fd526bb570600753f", size = 252791, upload-time = "2026-08-15T08:16:57.103Z" },
    { url = "https://files.pythonhosted.org/packages/f0/3e/48f4cd187b1c33189d86039e9cbe4f92c05454175504b44ff81806d4d1bf/charset_normalizer-3.5.1-cp311-cp311-musllinux_1_2_armv7l.whl", hash = "sha256:aa1099b956fb795e686d073568f6dc002a0bb89765ea6d5b055dd7d9bf1b116c", size = 240730, upload-time = "2026-08-15T08:16:58.418Z" },
    { url = "https://files.pythonhosted.org/packages/42/85/f9e22af69af67c54cce42be9455d9c81294f918b4ccc454db01f66efcac2/charset_normalizer-3.5.1-cp311-cp311-musllinux_1_2_ppc64le.whl", hash = "sha256:bd6c173f04743d483881bffa1478d5a4624475b8cd1d2194956a75548e191c18", size = 280791, upload-time = "2026-08-15T08:16:59.918Z" },
    { url = "https://files.pythonhosted.org/packages/fd/4c/9044135f42127630b6fa742feb51256353f6ab87a78f2fdd1de3de955a7f/charset_normalizer-3.5.1-cp311-cp311-musllinux_1_2_riscv64.whl", hash = "sha256:f298e218441525d3794428b4c8b8fb8662c6d3ea79925d4807ee6b9a96a3bca5", size = 259598, upload-time = "2026-08-15T08:17:01.421Z" },
    { url = "https://files.pythonhosted.org/packages/ba/ed/1dd7cfebb4e75812934c49ca3b79757d11948053f7937ab7070c151f3c55/charset_normalizer-3.5.1-cp311-cp311-musllinux_1_2_s390x.whl", hash = "sha256:6e2912d4babbc65196ac13c2f53468dc57fb8b9c25ef913e8c59ddf7c6dc0e1b", size = 278217, upload-time = "2026-08-15T08:17:02.782Z" },
    { url = "https://files.pythonhosted.org/packages/bf/eb/239c84503cc9e3ba6eb34686a24bc66e84f3924efdd7e38e751a19f6bc10/charset_normalizer-3.5.1-cp311-cp311-musllinux_1_2_x86_64.whl", hash = "sha256:3d27167433c0d5f18dc850f07d0b3816221984fecdc405d6c157a6f0b8f8e9e6", size = 263417, upload-time = "2026-08-15T08:17:04.216Z" },
    { url = "https://files.pythonhosted.org/packages/37/ab/4e4510e1e288478e2c8333131d1c1382382ba8cd2165053c79e39d1da961/charset_normalizer-3.5.1-cp311-cp311-win32.whl", hash = "sha256:ac00177c4831ffa650f8609e4bdddd5fe09c03b1c0c47acece7e6ea20421598b", size = 181774, upload-time = "2026-08-15T08:17:05.58Z" },
    { url = "https://files.pythonhosted.org/packages/e3/57/32f0ccea59e8612057c61d6fd22ef2cb63cca93c9fe594094919696ac170/charset_normalizer-3.5.1-cp311-cp311-win_amd64.whl", hash = "sha256:f9b1e28d0e8dbfa858abdba91d6b547beaf2df1a59bec6da6faae7b96a4991a9", size = 206653, upload-time = "2026-08-15T08:17:07.075Z" },
    { url = "https://files.pythonhosted.org/packages/17/d4/b65c433fc521e58b5f54293982a5e51c05cb5f2dd3f1c7a6acb65b75324e/charset_normalizer-3.5.1-cp311-cp311-win_arm64.whl", hash = "sha256:ae31a1a1db2ee6cc2942fccaf695c934bc7f3db9f2133a3fef1f367cf1a4ab10", size = 185630, upload-time = "2026-08-15T08:17:08.502Z" },
    { url = "https://files.pythonhosted.org/packages/5b/97/fb4e82231aba271ffd775a1b4993b0defc4e3059f286ae41d9433409fe85/charset_normalizer-3.5.1-cp37-abi3-macosx_10_9_universal2.whl", hash = "sha256:41876ee62a3dddf48ff1121ad8f0798032aa03f2fd35f21f34a4cab14f18d8d2", size = 331467, upload-time = "2026-08-15T08:19:50.959Z" },
    { url = "https://files.pythonhosted.org/packages/9f/2f/fe3f187327aac18e2d54e9d2b08e15d27bf9b642d9e51c219f130fc34d1a/charset_normalizer-3.5.1-cp37-abi3-manylinux1_x86_64.manylinux_2_28_x86_64.manylinux_2_5_x86_64.whl", hash = "sha256:a6dac12ff6b846103483683f60c5f8fee205121adc58ffd87e90a90a3af69e99", size = 253057, upload-time = "2026-08-15T08:19:52.654Z" },
    { url = "https://files.pythonhosted.org/packages/d7/c7/9e48cee5c161fe24da823b61bf381921d77cb994a0a4de148e95018c1984/charset_normalizer-3.5.1-cp37-abi3-manylinux2014_aarch64.manylinux_2_17_aarch64.manylinux_2_28_aarch64.whl", hash = "sha256:cee5dd7c6fb5dd52a0fe2a740f9bc6e3593f5f8b1788bde49de02086f30182b2", size = 240930, upload-time = "2026-08-15T08:19:54.163Z" },
    { url = "https://files.pythonhosted.org/packages/49/e0/716601f3cc69be7b198951150c75ead1ece33c3c8036ff6ffa46029659a0/charset_normalizer-3.5.1-cp37-abi3-manylinux2014_armv7l.manylinux_2_17_armv7l.manylinux_2_31_armv7l.whl", hash = "sha256:343fb4f2821043bd87095f7b08a1a181febc8e36ac64212143bbfd0a0e1bc235", size = 230822, upload-time = "2026-08-15T08:19:55.807Z" },
    { url = "https://files.pythonhosted.org/packages/d3/05/71bfc5caa0abcc45aea1f6a4d50ac68e59605ddc7666fe8494f4cd229665/charset_normalizer-3.5.1-cp37-abi3-manylinux2014_ppc64le.manylinux_2_17_ppc64le.manylinux_2_28_ppc64le.whl", hash = "sha256:ae4a097991662cd4fff0ddc74e0fe7874f82e00042fa0ea00855645ed0c79598", size = 260037, upload-time = "2026-08-15T08:19:57.312Z" },
    { url = "https://files.pythonhosted.org/packages/c3/92/de7e32ed05341e7a9c4c877c318418197b7f2d66a3b68d561bf2ac57ca3e/charset_normalizer-3.5.1-cp37-abi3-manylinux2014_s390x.manylinux_2_17_s390x.manylinux_2_28_s390x.whl", hash = "sha256:4b599739b93b2cbeded49645ae3c8d1405c29ddfbceac1545c87a3f9580a9e96", size = 255097, upload-time = "2026-08-15T08:19:59.056Z" },
    { url = "https://files.pythonhosted.org/packages/f5/7b/ade0a122600319dfa0b1000ab0f9731c94a817904cf3c5de408c73a4ede7/charset_normalizer-3.5.1-cp37-abi3-manylinux_2_31_riscv64.manylinux_2_39_riscv64.whl", hash = "sha256:b39b69b347e5e47a3b5b8cfc005c68c1ba347474e3960236c4944a8ecd174962", size = 250166, upload-time = "2026-08-15T08:20:00.612Z" },
    { url = "https://files.pythonhosted.org/packages/75/9c/019fbb9f4834491a160951349b1a3714439376f66e5f7cf18b4f18f0c7aa/charset_normalizer-3.5.1-cp37-abi3-musllinux_1_2_aarch64.whl", hash = "sha256:a2028475ba855475b8b4d3cfeb4994269c967aea8b9892dfba907f4263a863a3", size = 241821, upload-time = "2026-08-15T08:20:02.321Z" },
    { url = "https://files.pythonhosted.org/packages/2b/b8/11d4840bfc99330cc7fbcc2681ee5a044553a6e77655508d8f9b2bff7b34/charset_normalizer-3.5.1-cp37-abi3-musllinux_1_2_armv7l.whl", hash = "sha256:36047af20e17097c3bb9476c2b7655f2f7aa51322c0ba58c07695bedf755a950", size = 232529, upload-time = "2026-08-15T08:20:04.008Z" },
    { url = "https://files.pythonhosted.org/packages/18/96/2b3a21492d9f65171ac75d872f5018260013d00bfa0ff70ec9f179148cbd/charset_normalizer-3.5.1-cp37-abi3-musllinux_1_2_ppc64le.whl", hash = "sha256:4c4fb141a727957c93edfe5c32a26ceb6b5f6461d67146e2d39f51e16170bea8", size = 260348, upload-time = "2026-08-15T08:20:05.877Z" },
    { url = "https://files.pythonhosted.org/packages/d6/aa/a69a2028e8bd052476c245460ab19d7de595de084dd968f2d75cd50c3e25/charset_normalizer-3.5.1-cp37-abi3-musllinux_1_2_riscv64.whl", hash = "sha256:2f293479cce755c75f1697e87c409b7ae4c555c7dfecb6e988ad13abba943031", size = 247234, upload-time = "2026-08-15T08:20:07.487Z" },
    { url = "https://files.pythonhosted.org/packages/35/8a/3d130aeabcaf3d2466af76b7b141c08d9e89c9016ab4b7cdd0f7dc2d1c62/charset_normalizer-3.5.1-cp37-abi3-musllinux_1_2_s390x.whl", hash = "sha256:3588e376b3ea2eea84976f67273d679f229e24c66dce7b82ae45aef04ff6e072", size = 256917, upload-time = "2026-08-15T08:20:09.142Z" },
    { url = "https://files.pythonhosted.org/packages/80/c2/a7379b840292d0c1ab9fbd17d1f3967aa81794dc95bc74be8999d7fedcf7/charset_normalizer-3.5.1-cp37-abi3-musllinux_1_2_x86_64.whl", hash = "sha256:e199fb99720074809a7720f1c0b4d919eea8b87e88713e0f8f602f7bef543d9d", size = 254846, upload-time = "2026-08-15T08:20:10.727Z" },
    { url = "https://files.pythonhosted.org/packages/01/65/d43b714731bb2f40d4053dfa00ecfc1c5a301f8e3316c5db3a09af59fe94/charset_normalizer-3.5.1-cp37-abi3-win32.whl", hash = "sha256:dd732602a7009217f658d5863d12d79d373a4de0eebc111094bcdd3bb8e0a6cc", size = 174216, upload-time = "2026-08-15T08:20:12.334Z" },
    { url = "https://files.pythonhosted.org/packages/35/4f/b911ed898b26a09789eba9c9200c999aff6c61b4bafaf4838e56d1a1e1a3/charset_normalizer-3.5.1-cp37-abi3-win_amd64.whl", hash = "sha256:70055ff39b97c99e7ae40ea3e393fb62aa2e44dbd9b29f8d14f42fb0025c3959", size = 199764, upload-time = "2026-08-15T08:20:13.908Z" },
    { url = "https://files.pythonhosted.org/packages/f0/a7/920baf467bfd9bf689f3b318340f37aee4572a71f162bd8db51da55ba4fa/charset_normalizer-3.5.1-cp37-abi3-win_arm64.whl", hash = "sha256:87e4f41d375c0b9be2fb5251aee4b8a689169e134535aed81bf085c3b647451e", size = 287318, upload-time = "2026-08-15T08:20:15.551Z" },
    { url = "https://files.pythonhosted.org/packages/cc/61/d01fc49b8dea277640b55a9e15960dbca9fdc8c9fde18e572d39c59f4019/charset_normalizer-3.5.1-py3-none-any.whl", hash = "sha256:6df0ec430f9a831772c23ca5a224cba36517a58a84bb32c32bb59a9fa67c47f6", size = 68658, upload-time = "2026-08-15T08:20:43.306Z" },
]

[[package]]
name = "colorama"
version = "0.4.6"
source = { registry = "https://pypi.org/simple" }
sdist = { url = "https://files.pythonhosted.org/packages/d8/53/6f443c9a4a8358a93a6792e2acffb9d9d5cb0a5cfd8802644b7b1c9a02e4/colorama-0.4.6.tar.gz", hash = "sha256:08695f5cb7ed6e0531a20572697297273c47b8cae5a63ffc6d6ed5c201be6e44", size = 27697, upload-time = "2022-10-25T02:36:22.414Z" }
wheels = [
    { url = "https://files.pythonhosted.org/packages/d1/d6/3965ed04c63042e047cb6a3e6ed1a63a35087b6a609aa3a15ed8ac56c221/colorama-0.4.6-py2.py3-none-any.whl", hash = "sha256:4f1d9991f5acc0ca119f9d443620b77f9d6b33703e51011c16baf57afb285fc6", size = 25335, upload-time = "2022-10-25T02:36:20.889Z" },
]

[[package]]
name = "commonmark"
version = "0.9.1"
source = { registry = "https://pypi.org/simple" }
sdist = { url = "https://files.pythonhosted.org/packages/60/48/a60f593447e8f0894ebb7f6e6c1f25dafc5e89c5879fdc9360ae93ff83f0/commonmark-0.9.1.tar.gz", hash = "sha256:452f9dc859be7f06631ddcb328b6919c67984aca654e5fefb3914d54691aed60", size = 95764, upload-time = "2019-10-04T15:37:39.817Z" }
wheels = [
    { url = "https://files.pythonhosted.org/packages/b1/92/dfd892312d822f36c55366118b95d914e5f16de11044a27cf10a7d71bbbf/commonmark-0.9.1-py2.py3-none-any.whl", hash = "sha256:da2f38c92590f83de410ba1a3cbceafbc74fee9def35f9251ba9a971d6d66fd9", size = 51068, upload-time = "2019-10-04T15:37:37.674Z" },
]

[[package]]
name = "docutils"
version = "0.16"
source = { registry = "https://pypi.org/simple" }
sdist = { url = "https://files.pythonhosted.org/packages/2f/e0/3d435b34abd2d62e8206171892f174b180cd37b09d57b924ca5c2ef2219d/docutils-0.16.tar.gz", hash = "sha256:c2de3a60e9e7d07be26b7f2b00ca0309c207e06c100f9cc2a94931fc75a478fc", size = 1962041, upload-time = "2020-01-12T13:55:25.917Z" }
wheels = [
    { url = "https://files.pythonhosted.org/packages/81/44/8a15e45ffa96e6cf82956dd8d7af9e666357e16b0d93b253903475ee947f/docutils-0.16-py2.py3-none-any.whl", hash = "sha256:0c5b78adfbf7762415433f5515cd5c9e762339e23369dbe8000d84a4bf4ab3af", size = 548181, upload-time = "2020-01-12T13:55:21.393Z" },
]

[[package]]
name = "ibmi-oss-docs"
version = "0.1.0"
source = { virtual = "." }
dependencies = [
    { name = "alabaster" },
    { name = "babel" },
    { name = "certifi" },
    { name = "chardet" },
    { name = "commonmark" },
    { name = "docutils" },
    { name = "idna" },
    { name = "imagesize" },
    { name = "jinja2" },
    { name = "markupsafe" },
    { name = "myst-parser" },
    { name = "packaging" },
    { name = "pygments" },
    { name = "pyparsing" },
    { name = "pytz" },
    { name = "requests" },
    { name = "setuptools" },
    { name = "six" },
    { name = "snowballstemmer" },
    { name = "sphinx" },
    { name = "sphinx-reredirects" },
    { name = "sphinx-rtd-theme" },
    { name = "sphinxcontrib-applehelp" },
    { name = "sphinxcontrib-devhelp" },
    { name = "sphinxcontrib-htmlhelp" },
    { name = "sphinxcontrib-jsmath" },
    { name = "sphinxcontrib-qthelp" },
    { name = "sphinxcontrib-serializinghtml" },
    { name = "urllib3" },
]

[package.metadata]
requires-dist = [
    { name = "alabaster", specifier = "==0.7.12" },
    { name = "babel", specifier = "==2.9.1" },
    { name = "certifi", specifier = ">=2023.7.22" },
    { name = "chardet", specifier = "==3.0.4" },
    { name = "commonmark", specifier = "==0.9.1" },
    { name = "docutils", specifier = "==0.16" },
    { name = "idna", specifier = "==2.10" },
    { name = "imagesize", specifier = "==1.2.0" },
    { name = "jinja2", specifier = "==2.11.3" },
    { name = "markupsafe", specifier = "==1.1.1" },
    { name = "myst-parser", specifier = "==0.17.2" },
    { name = "packaging", specifier = "==20.4" },
    { name = "pygments", specifier = "==2.16.1" },
    { name = "pyparsing", specifier = "==2.4.7" },
    { name = "pytz", specifier = "==2020.1" },
    { name = "requests", specifier = ">=2.25.1" },
    { name = "setuptools", specifier = "<82.0.0" },
    { name = "six", specifier = "==1.15.0" },
    { name = "snowballstemmer", specifier = "==2.0.0" },
    { name = "sphinx", specifier = "==3.2.1" },
    { name = "sphinx-reredirects", specifier = "==0.0.1" },
    { name = "sphinx-rtd-theme", specifier = "==0.5.0" },
    { name = "sphinxcontrib-applehelp", specifier = "==1.0.2" },
    { name = "sphinxcontrib-devhelp", specifier = "==1.0.2" },
    { name = "sphinxcontrib-htmlhelp", specifier = "==1.0.3" },
    { name = "sphinxcontrib-jsmath", specifier = "==1.0.1" },
    { name = "sphinxcontrib-qthelp", specifier = "==1.0.3" },
    { name = "sphinxcontrib-serializinghtml", specifier = "==1.1.4" },
    { name = "urllib3", specifier = "==1.26.18" },
]

[[package]]
name = "idna"
version = "2.10"
source = { registry = "https://pypi.org/simple" }
sdist = { url = "https://files.pythonhosted.org/packages/ea/b7/e0e3c1c467636186c39925827be42f16fee389dc404ac29e930e9136be70/idna-2.10.tar.gz", hash = "sha256:b307872f855b18632ce0c21c5e45be78c0ea7ae4c15c828c20788b26921eb3f6", size = 175616, upload-time = "2020-06-27T23:45:05.21Z" }
wheels = [
    { url = "https://files.pythonhosted.org/packages/a2/38/928ddce2273eaa564f6f50de919327bf3a00f091b5baba8dfa9460f3a8a8/idna-2.10-py2.py3-none-any.whl", hash = "sha256:b97d804b1e9b523befed77c48dacec60e6dcb0b5391d57af6a65a312a90648c0", size = 58811, upload-time = "2020-06-27T23:45:03.457Z" },
]

[[package]]
name = "imagesize"
version = "1.2.0"
source = { registry = "https://pypi.org/simple" }
sdist = { url = "https://files.pythonhosted.org/packages/e4/9f/0452b459c8ba97e07c3cd2bd243783936a992006cf4cd1353c314a927028/imagesize-1.2.0.tar.gz", hash = "sha256:b1f6b5a4eab1f73479a50fb79fcf729514a900c341d8503d62a62dbc4127a2b1", size = 1274955, upload-time = "2019-12-26T16:15:08.305Z" }
wheels = [
    { url = "https://files.pythonhosted.org/packages/31/b2/b5522a0c8d11e4aff83f8342f3f0dea68c2fb25aa44403e420587f0ce204/imagesize-1.2.0-py2.py3-none-any.whl", hash = "sha256:6965f19a6a2039c7d48bca7dba2473069ff854c36ae6f19d2cde309d998228a1", size = 4765, upload-time = "2019-12-26T16:15:03.756Z" },
]

[[package]]
name = "jinja2"
version = "2.11.3"
source = { registry = "https://pypi.org/simple" }
dependencies = [
    { name = "markupsafe" },
]
sdist = { url = "https://files.pythonhosted.org/packages/4f/e7/65300e6b32e69768ded990494809106f87da1d436418d5f1367ed3966fd7/Jinja2-2.11.3.tar.gz", hash = "sha256:a6d58433de0ae800347cab1fa3043cebbabe8baa9d29e668f1c768cb87a333c6", size = 257589, upload-time = "2021-01-31T16:33:09.175Z" }
wheels = [
    { url = "https://files.pythonhosted.org/packages/7e/c2/1eece8c95ddbc9b1aeb64f5783a9e07a286de42191b7204d67b7496ddf35/Jinja2-2.11.3-py2.py3-none-any.whl", hash = "sha256:03e47ad063331dd6a3f04a43eddca8a966a26ba0c5b7207a9a9e4e08f1b29419", size = 125699, upload-time = "2021-01-31T16:33:07.289Z" },
]

[[package]]
name = "markdown-it-py"
version = "2.2.0"
source = { registry = "https://pypi.org/simple" }
dependencies = [
    { name = "mdurl" },
]
sdist = { url = "https://files.pythonhosted.org/packages/e4/c0/59bd6d0571986f72899288a95d9d6178d0eebd70b6650f1bb3f0da90f8f7/markdown-it-py-2.2.0.tar.gz", hash = "sha256:7c9a5e412688bc771c67432cbfebcdd686c93ce6484913dccf06cb5a0bea35a1", size = 67120, upload-time = "2023-02-22T05:54:30.899Z" }
wheels = [
    { url = "https://files.pythonhosted.org/packages/bf/25/2d88e8feee8e055d015343f9b86e370a1ccbec546f2865c98397aaef24af/markdown_it_py-2.2.0-py3-none-any.whl", hash = "sha256:5a35f8d1870171d9acc47b99612dc146129b631baf04970128b568f190d0cc30", size = 84466, upload-time = "2023-02-22T05:54:29.508Z" },
]

[[package]]
name = "markupsafe"
version = "1.1.1"
source = { registry = "https://pypi.org/simple" }
sdist = { url = "https://files.pythonhosted.org/packages/b9/2e/64db92e53b86efccfaea71321f597fa2e1b2bd3853d8ce658568f7a13094/MarkupSafe-1.1.1.tar.gz", hash = "sha256:29872e92839765e546828bb7754a68c418d927cd064fd4708fab9fe9c8bb116b", size = 19151, upload-time = "2019-02-24T01:05:32.989Z" }

[[package]]
name = "mdit-py-plugins"
version = "0.3.5"
source = { registry = "https://pypi.org/simple" }
dependencies = [
    { name = "markdown-it-py" },
]
sdist = { url = "https://files.pythonhosted.org/packages/49/e7/cc2720da8a32724b36d04c6dba5644154cdf883a1482b3bbb81959a642ed/mdit-py-plugins-0.3.5.tar.gz", hash = "sha256:eee0adc7195e5827e17e02d2a258a2ba159944a0748f59c5099a4a27f78fcf6a", size = 39871, upload-time = "2023-03-02T17:42:50.654Z" }
wheels = [
    { url = "https://files.pythonhosted.org/packages/fe/4c/a9b222f045f98775034d243198212cbea36d3524c3ee1e8ab8c0346d6953/mdit_py_plugins-0.3.5-py3-none-any.whl", hash = "sha256:ca9a0714ea59a24b2b044a1831f48d817dd0c817e84339f20e7889f392d77c4e", size = 52087, upload-time = "2023-03-02T17:42:48.841Z" },
]

[[package]]
name = "mdurl"
version = "0.1.2"
source = { registry = "https://pypi.org/simple" }
sdist = { url = "https://files.pythonhosted.org/packages/d6/54/cfe61301667036ec958cb99bd3efefba235e65cdeb9c84d24a8293ba1d90/mdurl-0.1.2.tar.gz", hash = "sha256:bb413d29f5eea38f31dd4754dd7377d4465116fb207585f97bf925588687c1ba", size = 8729, upload-time = "2022-08-14T12:40:10.846Z" }
wheels = [
    { url = "https://files.pythonhosted.org/packages/b3/38/89ba8ad64ae25be8de66a6d463314cf1eb366222074cfda9ee839c56a4b4/mdurl-0.1.2-py3-none-any.whl", hash = "sha256:84008a41e51615a49fc9966191ff91509e3c40b939176e643fd50a5c2196b8f8", size = 9979, upload-time = "2022-08-14T12:40:09.779Z" },
]

[[package]]
name = "myst-parser"
version = "0.17.2"
source = { registry = "https://pypi.org/simple" }
dependencies = [
    { name = "docutils" },
    { name = "jinja2" },
    { name = "markdown-it-py" },
    { name = "mdit-py-plugins" },
    { name = "pyyaml" },
    { name = "sphinx" },
    { name = "typing-extensions" },
]
sdist = { url = "https://files.pythonhosted.org/packages/3d/5f/798bf04c9ee4a638546c19b1f4ff8234424cf7e05830dda46144be230daf/myst-parser-0.17.2.tar.gz", hash = "sha256:4c076d649e066f9f5c7c661bae2658be1ca06e76b002bb97f02a09398707686c", size = 61658, upload-time = "2022-04-17T07:24:46.925Z" }
wheels = [
    { url = "https://files.pythonhosted.org/packages/c0/03/73f7e16daf35633b2c16b198f8aaf1eb32933e835ae6791cb556c33fd75d/myst_parser-0.17.2-py3-none-any.whl", hash = "sha256:1635ce3c18965a528d6de980f989ff64d6a1effb482e1f611b1bfb79e38f3d98", size = 53840, upload-time = "2022-04-17T07:24:45.49Z" },
]

[[package]]
name = "packaging"
version = "20.4"
source = { registry = "https://pypi.org/simple" }
dependencies = [
    { name = "pyparsing" },
    { name = "six" },
]
sdist = { url = "https://files.pythonhosted.org/packages/55/fd/fc1aca9cf51ed2f2c11748fa797370027babd82f87829c7a8e6dbe720145/packaging-20.4.tar.gz", hash = "sha256:4357f74f47b9c12db93624a82154e9b120fa8293699949152b22065d556079f8", size = 74402, upload-time = "2020-05-19T06:30:07.337Z" }
wheels = [
    { url = "https://files.pythonhosted.org/packages/46/19/c5ab91b1b05cfe63cccd5cfc971db9214c6dd6ced54e33c30d5af1d2bc43/packaging-20.4-py2.py3-none-any.whl", hash = "sha256:998416ba6962ae7fbd6596850b80e17859a5753ba17c32284f67bfff33784181", size = 37620, upload-time = "2020-05-19T06:30:05.285Z" },
]

[[package]]
name = "pygments"
version = "2.16.1"
source = { registry = "https://pypi.org/simple" }
sdist = { url = "https://files.pythonhosted.org/packages/d6/f7/4d461ddf9c2bcd6a4d7b2b139267ca32a69439387cc1f02a924ff8883825/Pygments-2.16.1.tar.gz", hash = "sha256:1daff0494820c69bc8941e407aa20f577374ee88364ee10a98fdbe0aece96e29", size = 4872980, upload-time = "2023-08-06T15:14:55.713Z" }
wheels = [
    { url = "https://files.pythonhosted.org/packages/43/88/29adf0b44ba6ac85045e63734ae0997d3c58d8b1a91c914d240828d0d73d/Pygments-2.16.1-py3-none-any.whl", hash = "sha256:13fc09fa63bc8d8671a6d247e1eb303c4b343eaee81d861f3404db2935653692", size = 1164750, upload-time = "2023-08-06T15:14:51.905Z" },
]

[[package]]
name = "pyparsing"
version = "2.4.7"
source = { registry = "https://pypi.org/simple" }
sdist = { url = "https://files.pythonhosted.org/packages/c1/47/dfc9c342c9842bbe0036c7f763d2d6686bcf5eb1808ba3e170afdb282210/pyparsing-2.4.7.tar.gz", hash = "sha256:c203ec8783bf771a155b207279b9bccb8dea02d8f0c9e5f8ead507bc3246ecc1", size = 649718, upload-time = "2020-04-05T22:21:25.349Z" }
wheels = [
    { url = "https://files.pythonhosted.org/packages/8a/bb/488841f56197b13700afd5658fc279a2025a39e22449b7cf29864669b15d/pyparsing-2.4.7-py2.py3-none-any.whl", hash = "sha256:ef9d7589ef3c200abe66653d3f1ab1033c3c419ae9b9bdb1240a85b024efc88b", size = 67842, upload-time = "2020-04-05T22:21:22.897Z" },
]

[[package]]
name = "pytz"
version = "2020.1"
source = { registry = "https://pypi.org/simple" }
sdist = { url = "https://files.pythonhosted.org/packages/f4/f6/94fee50f4d54f58637d4b9987a1b862aeb6cd969e73623e02c5c00755577/pytz-2020.1.tar.gz", hash = "sha256:c35965d010ce31b23eeb663ed3cc8c906275d6be1a34393a1d73a41febf4a048", size = 311771, upload-time = "2020-04-28T08:28:24.561Z" }
wheels = [
    { url = "https://files.pythonhosted.org/packages/4f/a4/879454d49688e2fad93e59d7d4efda580b783c745fd2ec2a3adf87b0808d/pytz-2020.1-py2.py3-none-any.whl", hash = "sha256:a494d53b6d39c3c6e44c3bec237336e14305e4f29bbf800b599253057fbb79ed", size = 510223, upload-time = "2020-04-28T08:28:21.201Z" },
]

[[package]]
name = "pyyaml"
version = "6.0.3"
source = { registry = "https://pypi.org/simple" }
sdist = { url = "https://files.pythonhosted.org/packages/05/8e/961c0007c59b8dd7729d542c61a4d537767a59645b82a0b521206e1e25c2/pyyaml-6.0.3.tar.gz", hash = "sha256:d76623373421df22fb4cf8817020cbb7ef15c725b9d5e45f17e189bfc384190f", size = 130960, upload-time = "2025-09-25T21:33:16.546Z" }
wheels = [
    { url = "https://files.pythonhosted.org/packages/6d/16/a95b6757765b7b031c9374925bb718d55e0a9ba8a1b6a12d25962ea44347/pyyaml-6.0.3-cp311-cp311-macosx_10_13_x86_64.whl", hash = "sha256:44edc647873928551a01e7a563d7452ccdebee747728c1080d881d68af7b997e", size = 185826, upload-time = "2025-09-25T21:31:58.655Z" },
    { url = "https://files.pythonhosted.org/packages/16/19/13de8e4377ed53079ee996e1ab0a9c33ec2faf808a4647b7b4c0d46dd239/pyyaml-6.0.3-cp311-cp311-macosx_11_0_arm64.whl", hash = "sha256:652cb6edd41e718550aad172851962662ff2681490a8a711af6a4d288dd96824", size = 175577, upload-time = "2025-09-25T21:32:00.088Z" },
    { url = "https://files.pythonhosted.org/packages/0c/62/d2eb46264d4b157dae1275b573017abec435397aa59cbcdab6fc978a8af4/pyyaml-6.0.3-cp311-cp311-manylinux2014_aarch64.manylinux_2_17_aarch64.manylinux_2_28_aarch64.whl", hash = "sha256:10892704fc220243f5305762e276552a0395f7beb4dbf9b14ec8fd43b57f126c", size = 775556, upload-time = "2025-09-25T21:32:01.31Z" },
    { url = "https://files.pythonhosted.org/packages/10/cb/16c3f2cf3266edd25aaa00d6c4350381c8b012ed6f5276675b9eba8d9ff4/pyyaml-6.0.3-cp311-cp311-manylinux2014_s390x.manylinux_2_17_s390x.manylinux_2_28_s390x.whl", hash = "sha256:850774a7879607d3a6f50d36d04f00ee69e7fc816450e5f7e58d7f17f1ae5c00", size = 882114, upload-time = "2025-09-25T21:32:03.376Z" },
    { url = "https://files.pythonhosted.org/packages/71/60/917329f640924b18ff085ab889a11c763e0b573da888e8404ff486657602/pyyaml-6.0.3-cp311-cp311-manylinux2014_x86_64.manylinux_2_17_x86_64.manylinux_2_28_x86_64.whl", hash = "sha256:b8bb0864c5a28024fac8a632c443c87c5aa6f215c0b126c449ae1a150412f31d", size = 806638, upload-time = "2025-09-25T21:32:04.553Z" },
    { url = "https://files.pythonhosted.org/packages/dd/6f/529b0f316a9fd167281a6c3826b5583e6192dba792dd55e3203d3f8e655a/pyyaml-6.0.3-cp311-cp311-musllinux_1_2_aarch64.whl", hash = "sha256:1d37d57ad971609cf3c53ba6a7e365e40660e3be0e5175fa9f2365a379d6095a", size = 767463, upload-time = "2025-09-25T21:32:06.152Z" },
    { url = "https://files.pythonhosted.org/packages/f2/6a/b627b4e0c1dd03718543519ffb2f1deea4a1e6d42fbab8021936a4d22589/pyyaml-6.0.3-cp311-cp311-musllinux_1_2_x86_64.whl", hash = "sha256:37503bfbfc9d2c40b344d06b2199cf0e96e97957ab1c1b546fd4f87e53e5d3e4", size = 794986, upload-time = "2025-09-25T21:32:07.367Z" },
    { url = "https://files.pythonhosted.org/packages/45/91/47a6e1c42d9ee337c4839208f30d9f09caa9f720ec7582917b264defc875/pyyaml-6.0.3-cp311-cp311-win32.whl", hash = "sha256:8098f252adfa6c80ab48096053f512f2321f0b998f98150cea9bd23d83e1467b", size = 142543, upload-time = "2025-09-25T21:32:08.95Z" },
    { url = "https://files.pythonhosted.org/packages/da/e3/ea007450a105ae919a72393cb06f122f288ef60bba2dc64b26e2646fa315/pyyaml-6.0.3-cp311-cp311-win_amd64.whl", hash = "sha256:9f3bfb4965eb874431221a3ff3fdcddc7e74e3b07799e0e84ca4a0f867d449bf", size = 158763, upload-time = "2025-09-25T21:32:09.96Z" },
]

[[package]]
name = "requests"
version = "2.34.2"
source = { registry = "https://pypi.org/simple" }
dependencies = [
    { name = "certifi" },
    { name = "charset-normalizer" },
    { name = "idna" },
    { name = "urllib3" },
]
sdist = { url = "https://files.pythonhosted.org/packages/ac/c3/e2a2b89f2d3e2179abd6d00ebd70bff6273f37fb3e0cc209f48b39d00cbf/requests-2.34.2.tar.gz", hash = "sha256:f288924cae4e29463698d6d60bc6a4da69c89185ad1e0bcc4104f584e960b9ed", size = 142856, upload-time = "2026-05-14T19:25:27.735Z" }
wheels = [
    { url = "https://files.pythonhosted.org/packages/a0/f4/c67b0b3f1b9245e8d266f0f112c500d50e5b4e83cb6f3b71b6528104182a/requests-2.34.2-py3-none-any.whl", hash = "sha256:2a0d60c172f83ac6ab31e4554906c0f3b3588d37b5cb939b1c061f4907e278e0", size = 73075, upload-time = "2026-05-14T19:25:26.443Z" },
]

[[package]]
name = "setuptools"
version = "81.0.0"
source = { registry = "https://pypi.org/simple" }
sdist = { url = "https://files.pythonhosted.org/packages/0d/1c/73e719955c59b8e424d015ab450f51c0af856ae46ea2da83eba51cc88de1/setuptools-81.0.0.tar.gz", hash = "sha256:487b53915f52501f0a79ccfd0c02c165ffe06631443a886740b91af4b7a5845a", size = 1198299, upload-time = "2026-02-06T21:10:39.601Z" }
wheels = [
    { url = "https://files.pythonhosted.org/packages/e1/e3/c164c88b2e5ce7b24d667b9bd83589cf4f3520d97cad01534cd3c4f55fdb/setuptools-81.0.0-py3-none-any.whl", hash = "sha256:fdd925d5c5d9f62e4b74b30d6dd7828ce236fd6ed998a08d81de62ce5a6310d6", size = 1062021, upload-time = "2026-02-06T21:10:37.175Z" },
]

[[package]]
name = "six"
version = "1.15.0"
source = { registry = "https://pypi.org/simple" }
sdist = { url = "https://files.pythonhosted.org/packages/6b/34/415834bfdafca3c5f451532e8a8d9ba89a21c9743a0c59fbd0205c7f9426/six-1.15.0.tar.gz", hash = "sha256:30639c035cdb23534cd4aa2dd52c3bf48f06e5f4a941509c8bafd8ce11080259", size = 33917, upload-time = "2020-05-21T15:25:55.142Z" }
wheels = [
    { url = "https://files.pythonhosted.org/packages/ee/ff/48bde5c0f013094d729fe4b0316ba2a24774b3ff1c52d924a8a4cb04078a/six-1.15.0-py2.py3-none-any.whl", hash = "sha256:8b74bedcbbbaca38ff6d7491d76f2b06b3592611af620f8426e82dddb04a5ced", size = 10963, upload-time = "2020-05-21T15:25:54.177Z" },
]

[[package]]
name = "snowballstemmer"
version = "2.0.0"
source = { registry = "https://pypi.org/simple" }
sdist = { url = "https://files.pythonhosted.org/packages/21/1b/6b8bbee253195c61aeaa61181bb41d646363bdaa691d0b94b304d4901193/snowballstemmer-2.0.0.tar.gz", hash = "sha256:df3bac3df4c2c01363f3dd2cfa78cce2840a79b9f1c2d2de9ce8d31683992f52", size = 79284, upload-time = "2019-10-03T08:03:15.218Z" }
wheels = [
    { url = "https://files.pythonhosted.org/packages/7d/4b/cdf1113a0e88b641893b814e9c36f69a6fda28cd88b62c7f0d858cde3166/snowballstemmer-2.0.0-py2.py3-none-any.whl", hash = "sha256:209f257d7533fdb3cb73bdbd24f436239ca3b2fa67d56f6ff88e86be08cc5ef0", size = 97007, upload-time = "2019-10-03T08:03:11.47Z" },
]

[[package]]
name = "sphinx"
version = "3.2.1"
source = { registry = "https://pypi.org/simple" }
dependencies = [
    { name = "alabaster" },
    { name = "babel" },
    { name = "colorama", marker = "sys_platform == 'win32'" },
    { name = "docutils" },
    { name = "imagesize" },
    { name = "jinja2" },
    { name = "packaging" },
    { name = "pygments" },
    { name = "requests" },
    { name = "setuptools" },
    { name = "snowballstemmer" },
    { name = "sphinxcontrib-applehelp" },
    { name = "sphinxcontrib-devhelp" },
    { name = "sphinxcontrib-htmlhelp" },
    { name = "sphinxcontrib-jsmath" },
    { name = "sphinxcontrib-qthelp" },
    { name = "sphinxcontrib-serializinghtml" },
]
sdist = { url = "https://files.pythonhosted.org/packages/57/58/48268b16bf3e6e8288c4c6f3d500e4dd1ca0210289a5be8366bd6d2e6088/Sphinx-3.2.1.tar.gz", hash = "sha256:321d6d9b16fa381a5306e5a0b76cd48ffbc588e6340059a729c6fdd66087e0e8", size = 5970067, upload-time = "2020-08-14T10:54:17.462Z" }
wheels = [
    { url = "https://files.pythonhosted.org/packages/63/b8/34ba32a94cb2b223b941e43b3bcab11281763b95daa8587879eec1eb9a62/Sphinx-3.2.1-py3-none-any.whl", hash = "sha256:ce6fd7ff5b215af39e2fcd44d4a321f6694b4530b6f2b2109b64d120773faea0", size = 2868133, upload-time = "2020-08-14T10:54:13.306Z" },
]

[[package]]
name = "sphinx-reredirects"
version = "0.0.1"
source = { registry = "https://pypi.org/simple" }
dependencies = [
    { name = "sphinx" },
]
sdist = { url = "https://files.pythonhosted.org/packages/5f/11/7ac124a775b19adfc83f45f88220561fa619d121d0d1306cf49eafe73194/sphinx_reredirects-0.0.1.tar.gz", hash = "sha256:5d26f90ba478d93f701ef21f0d20415c6083394e491834328da6a3ba3ce449f9", size = 3256, upload-time = "2021-04-26T09:38:41.444Z" }
wheels = [
    { url = "https://files.pythonhosted.org/packages/28/4f/f8ccffe7e27d30bb44bbc72d1aa28458c61e0a33d31aa1f50a7c5e732d55/sphinx_reredirects-0.0.1-py3-none-any.whl", hash = "sha256:6204b184df5f335f247c2489482bd2e60190dc92333189d77223cd704bf1cd45", size = 4319, upload-time = "2021-04-26T09:38:40.393Z" },
]

[[package]]
name = "sphinx-rtd-theme"
version = "0.5.0"
source = { registry = "https://pypi.org/simple" }
dependencies = [
    { name = "sphinx" },
]
sdist = { url = "https://files.pythonhosted.org/packages/59/cd/1eb84d8b11ecac97a85c42199bb5566eee0bb946b27138f28cbea1d729e7/sphinx_rtd_theme-0.5.0.tar.gz", hash = "sha256:22c795ba2832a169ca301cd0a083f7a434e09c538c70beb42782c073651b707d", size = 2772707, upload-time = "2020-06-17T16:07:14.089Z" }
wheels = [
    { url = "https://files.pythonhosted.org/packages/c3/86/1addf25a238bbd8466bb099f23d9a9f13494b22b37b44f6c41a778b8730f/sphinx_rtd_theme-0.5.0-py2.py3-none-any.whl", hash = "sha256:373413d0f82425aaa28fb288009bf0d0964711d347763af2f1b65cafcb028c82", size = 10765978, upload-time = "2020-06-17T16:06:42.253Z" },
]

[[package]]
name = "sphinxcontrib-applehelp"
version = "1.0.2"
source = { registry = "https://pypi.org/simple" }
sdist = { url = "https://files.pythonhosted.org/packages/9f/01/ad9d4ebbceddbed9979ab4a89ddb78c9760e74e6757b1880f1b2760e8295/sphinxcontrib-applehelp-1.0.2.tar.gz", hash = "sha256:a072735ec80e7675e3f432fcae8610ecf509c5f1869d17e2eecff44389cdbc58", size = 24548, upload-time = "2020-02-29T04:12:56.32Z" }
wheels = [
    { url = "https://files.pythonhosted.org/packages/dc/47/86022665a9433d89a66f5911b558ddff69861766807ba685de2e324bd6ed/sphinxcontrib_applehelp-1.0.2-py2.py3-none-any.whl", hash = "sha256:806111e5e962be97c29ec4c1e7fe277bfd19e9652fb1a4392105b43e01af885a", size = 121180, upload-time = "2020-02-29T04:12:53.793Z" },
]

[[package]]
name = "sphinxcontrib-devhelp"
version = "1.0.2"
source = { registry = "https://pypi.org/simple" }
sdist = { url = "https://files.pythonhosted.org/packages/98/33/dc28393f16385f722c893cb55539c641c9aaec8d1bc1c15b69ce0ac2dbb3/sphinxcontrib-devhelp-1.0.2.tar.gz", hash = "sha256:ff7f1afa7b9642e7060379360a67e9c41e8f3121f2ce9164266f61b9f4b338e4", size = 17398, upload-time = "2020-02-29T04:14:43.378Z" }
wheels = [
    { url = "https://files.pythonhosted.org/packages/c5/09/5de5ed43a521387f18bdf5f5af31d099605c992fd25372b2b9b825ce48ee/sphinxcontrib_devhelp-1.0.2-py2.py3-none-any.whl", hash = "sha256:8165223f9a335cc1af7ffe1ed31d2871f325254c0423bc0c4c7cd1c1e4734a2e", size = 84690, upload-time = "2020-02-29T04:14:40.765Z" },
]

[[package]]
name = "sphinxcontrib-htmlhelp"
version = "1.0.3"
source = { registry = "https://pypi.org/simple" }
sdist = { url = "https://files.pythonhosted.org/packages/c9/2e/a7a5fef38327b7f643ed13646321d19903a2f54b0a05868e4bc34d729e1f/sphinxcontrib-htmlhelp-1.0.3.tar.gz", hash = "sha256:e8f5bb7e31b2dbb25b9cc435c8ab7a79787ebf7f906155729338f3156d93659b", size = 24248, upload-time = "2020-02-21T17:10:02.778Z" }
wheels = [
    { url = "https://files.pythonhosted.org/packages/36/62/8222554b29b3acde8420128d6d3999c5904d40922ef4b6ccb370e2be7421/sphinxcontrib_htmlhelp-1.0.3-py2.py3-none-any.whl", hash = "sha256:3c0bc24a2c41e340ac37c85ced6dafc879ab485c095b1d65d2461ac2f7cca86f", size = 96302, upload-time = "2020-02-21T17:10:00.92Z" },
]

[[package]]
name = "sphinxcontrib-jsmath"
version = "1.0.1"
source = { registry = "https://pypi.org/simple" }
sdist = { url = "https://files.pythonhosted.org/packages/b2/e8/9ed3830aeed71f17c026a07a5097edcf44b692850ef215b161b8ad875729/sphinxcontrib-jsmath-1.0.1.tar.gz", hash = "sha256:a9925e4a4587247ed2191a22df5f6970656cb8ca2bd6284309578f2153e0c4b8", size = 5787, upload-time = "2019-01-21T16:10:16.347Z" }
wheels = [
    { url = "https://files.pythonhosted.org/packages/c2/42/4c8646762ee83602e3fb3fbe774c2fac12f317deb0b5dbeeedd2d3ba4b77/sphinxcontrib_jsmath-1.0.1-py2.py3-none-any.whl", hash = "sha256:2ec2eaebfb78f3f2078e73666b1415417a116cc848b72e5172e596c871103178", size = 5071, upload-time = "2019-01-21T16:10:14.333Z" },
]

[[package]]
name = "sphinxcontrib-qthelp"
version = "1.0.3"
source = { registry = "https://pypi.org/simple" }
sdist = { url = "https://files.pythonhosted.org/packages/b1/8e/c4846e59f38a5f2b4a0e3b27af38f2fcf904d4bfd82095bf92de0b114ebd/sphinxcontrib-qthelp-1.0.3.tar.gz", hash = "sha256:4c33767ee058b70dba89a6fc5c1892c0d57a54be67ddd3e7875a18d14cba5a72", size = 21658, upload-time = "2020-02-29T04:19:10.026Z" }
wheels = [
    { url = "https://files.pythonhosted.org/packages/2b/14/05f9206cf4e9cfca1afb5fd224c7cd434dcc3a433d6d9e4e0264d29c6cdb/sphinxcontrib_qthelp-1.0.3-py2.py3-none-any.whl", hash = "sha256:bd9fc24bcb748a8d51fd4ecaade681350aa63009a347a8c14e637895444dfab6", size = 90609, upload-time = "2020-02-29T04:19:08.451Z" },
]

[[package]]
name = "sphinxcontrib-serializinghtml"
version = "1.1.4"
source = { registry = "https://pypi.org/simple" }
sdist = { url = "https://files.pythonhosted.org/packages/ac/86/021876a9dd4eac9dae0b1d454d848acbd56d5574d350d0f835043b5ac2cd/sphinxcontrib-serializinghtml-1.1.4.tar.gz", hash = "sha256:eaa0eccc86e982a9b939b2b82d12cc5d013385ba5eadcc7e4fed23f4405f77bc", size = 18647, upload-time = "2020-02-29T04:18:05.478Z" }
wheels = [
    { url = "https://files.pythonhosted.org/packages/9a/ca/bfad79b79b3821d0c6361c431f0ef4aec16ee248338b2c2013008b34d345/sphinxcontrib_serializinghtml-1.1.4-py2.py3-none-any.whl", hash = "sha256:f242a81d423f59617a8e5cf16f5d4d74e28ee9a66f9e5b637a18082991db5a9a", size = 89449, upload-time = "2020-02-29T04:18:03.365Z" },
]

[[package]]
name = "typing-extensions"
version = "4.16.0"
source = { registry = "https://pypi.org/simple" }
sdist = { url = "https://files.pythonhosted.org/packages/f6/cc/6253133b5bb138fc3306cebfbda2c520f545d36b5be2c7255cc528bb45d6/typing_extensions-4.16.0.tar.gz", hash = "sha256:dc983d19a509c94dba722ee6abd33940f7c05a89e243c47e907eb4db6f1a43e5", size = 113555, upload-time = "2026-07-02T08:40:05.92Z" }
wheels = [
    { url = "https://files.pythonhosted.org/packages/49/d3/b8441a820a491ddfc024b0b0cf0393375b75ea13866d9c66727e54c2fc80/typing_extensions-4.16.0-py3-none-any.whl", hash = "sha256:481caa481374e813c1b176ada14e97f1f67a4539ce9cfeb3f350d78d6370c2e8", size = 45571, upload-time = "2026-07-02T08:40:04.659Z" },
]

[[package]]
name = "urllib3"
version = "1.26.18"
source = { registry = "https://pypi.org/simple" }
sdist = { url = "https://files.pythonhosted.org/packages/0c/39/64487bf07df2ed854cc06078c27c0d0abc59bd27b32232876e403c333a08/urllib3-1.26.18.tar.gz", hash = "sha256:f8ecc1bba5667413457c529ab955bf8c67b45db799d159066261719e328580a0", size = 305687, upload-time = "2023-10-17T17:47:03.986Z" }
wheels = [
    { url = "https://files.pythonhosted.org/packages/b0/53/aa91e163dcfd1e5b82d8a890ecf13314e3e149c05270cc644581f77f17fd/urllib3-1.26.18-py2.py3-none-any.whl", hash = "sha256:34b97092d7e0a3a8cf7cd10e386f401b3737364026c45e622aa02903dffe0f07", size = 143835, upload-time = "2023-10-17T17:47:01.725Z" },
]
